{
  "version": 4,
  "terraform_version": "1.3.4",
  "serial": 54,
  "lineage": "2a4ee153-97fa-3e3d-d96e-b8061c750107",
  "outputs": {},
  "resources": [
    {
      "mode": "data",
      "type": "google_client_config",
      "name": "default",
      "provider": "provider[\"registry.terraform.io/hashicorp/google\"]",
      "instances": [
        {
          "schema_version": 0,
          "attributes": {
            "access_token": "ya29.a0AeTM1idzPANzDIHI1jhgrEUh4TQwCiwdl8ArnF5-N5LurFEhsAV8fdSjiu0ENIFc93ItKsT83C7px-qoKVr-3B8jw4DcA33VNSXUCyl-qSJpIw4E_A5oelot9clj9hKGZ4Z8veO34ZpHgtXpgmodCcXQUNbLlgaCgYKAdYSARESFQHWtWOmnN7whHpLcRpkhj-wYkLjig0165",
            "id": "projects//regions/europe-west1/zones/",
            "project": "",
            "region": "europe-west1",
            "zone": ""
          },
          "sensitive_attributes": []
        }
      ]
    },
    {
      "mode": "managed",
      "type": "google_artifact_registry_repository",
      "name": "container_registry",
      "provider": "provider[\"registry.terraform.io/hashicorp/google-beta\"]",
      "instances": [
        {
          "schema_version": 0,
          "attributes": {
            "create_time": "2022-11-24T20:06:32.605223Z",
            "description": "StableDiffusion Dreambooth Repository",
            "format": "DOCKER",
            "id": "projects/sd-db-tf/locations/europe-west1/repositories/stablediffusion-dreambooth",
            "kms_key_name": "",
            "labels": {},
            "location": "europe-west1",
            "maven_config": [],
            "name": "stablediffusion-dreambooth",
            "project": "sd-db-tf",
            "repository_id": "stablediffusion-dreambooth",
            "timeouts": null,
            "update_time": "2022-11-24T20:06:32.605223Z"
          },
          "sensitive_attributes": [],
          "private": "eyJlMmJmYjczMC1lY2FhLTExZTYtOGY4OC0zNDM2M2JjN2M0YzAiOnsiY3JlYXRlIjoxMjAwMDAwMDAwMDAwLCJkZWxldGUiOjEyMDAwMDAwMDAwMDAsInVwZGF0ZSI6MTIwMDAwMDAwMDAwMH19",
          "dependencies": [
            "module.enabled_google_apis.data.google_compute_default_service_account.default",
            "module.enabled_google_apis.google_project_iam_member.project_service_identity_roles",
            "module.enabled_google_apis.google_project_service.project_services",
            "module.enabled_google_apis.google_project_service_identity.project_service_identities"
          ]
        }
      ]
    },
    {
      "mode": "managed",
      "type": "google_cloudbuild_trigger",
      "name": "finetune-image",
      "provider": "provider[\"registry.terraform.io/hashicorp/google\"]",
      "instances": [
        {
          "schema_version": 2,
          "attributes": {
            "approval_config": [
              {
                "approval_required": false
              }
            ],
            "build": [],
            "create_time": "2022-11-24T20:30:06.447851428Z",
            "description": "",
            "disabled": false,
            "filename": "fine_tune/training_job/cloudbuild.yaml",
            "filter": "",
            "git_file_source": [],
            "github": [
              {
                "name": "sd-dreambooth",
                "owner": "aablsk",
                "pull_request": [],
                "push": [
                  {
                    "branch": "^main$",
                    "invert_regex": false,
                    "tag": ""
                  }
                ]
              }
            ],
            "id": "projects/sd-db-tf/locations/europe-west1/triggers/91748f52-68f6-4416-b04e-567c3690e5a5",
            "ignored_files": [],
            "include_build_logs": "",
            "included_files": [
              "fine_tune/training_job/**"
            ],
            "location": "europe-west1",
            "name": "finetune-image-builder",
            "project": "sd-db-tf",
            "pubsub_config": [],
            "service_account": "projects/sd-db-tf/serviceAccounts/cloudbuild@sd-db-tf.iam.gserviceaccount.com",
            "source_to_build": [],
            "substitutions": {
              "_REPO_NAME": "stablediffusion-dreambooth"
            },
            "tags": [],
            "timeouts": null,
            "trigger_id": "91748f52-68f6-4416-b04e-567c3690e5a5",
            "trigger_template": [],
            "webhook_config": []
          },
          "sensitive_attributes": [],
          "private": "eyJlMmJmYjczMC1lY2FhLTExZTYtOGY4OC0zNDM2M2JjN2M0YzAiOnsiY3JlYXRlIjoxMjAwMDAwMDAwMDAwLCJkZWxldGUiOjEyMDAwMDAwMDAwMDAsInVwZGF0ZSI6MTIwMDAwMDAwMDAwMH0sInNjaGVtYV92ZXJzaW9uIjoiMiJ9",
          "dependencies": [
            "google_service_account.cloudbuild"
          ]
        }
      ]
    },
    {
      "mode": "managed",
      "type": "google_cloudbuild_trigger",
      "name": "render-pipeline",
      "provider": "provider[\"registry.terraform.io/hashicorp/google\"]",
      "instances": [
        {
          "schema_version": 2,
          "attributes": {
            "approval_config": [
              {
                "approval_required": false
              }
            ],
            "build": [],
            "create_time": "2022-11-24T20:30:06.462582907Z",
            "description": "",
            "disabled": false,
            "filename": "fine_tune/pipeline/cloudbuild.yaml",
            "filter": "",
            "git_file_source": [],
            "github": [
              {
                "name": "sd-dreambooth",
                "owner": "aablsk",
                "pull_request": [],
                "push": [
                  {
                    "branch": "^main$",
                    "invert_regex": false,
                    "tag": ""
                  }
                ]
              }
            ],
            "id": "projects/sd-db-tf/locations/europe-west1/triggers/438e372b-4486-4b69-81e0-6d9ed75b6617",
            "ignored_files": [],
            "include_build_logs": "",
            "included_files": [
              "fine_tune/pipeline/**"
            ],
            "location": "europe-west1",
            "name": "render-pipeline-definition",
            "project": "sd-db-tf",
            "pubsub_config": [],
            "service_account": "projects/sd-db-tf/serviceAccounts/cloudbuild@sd-db-tf.iam.gserviceaccount.com",
            "source_to_build": [],
            "substitutions": {
              "_PIPELINE_BUCKET": "gs://vertexai_pipeline_definition_sd-db-tf"
            },
            "tags": [],
            "timeouts": null,
            "trigger_id": "438e372b-4486-4b69-81e0-6d9ed75b6617",
            "trigger_template": [],
            "webhook_config": []
          },
          "sensitive_attributes": [],
          "private": "eyJlMmJmYjczMC1lY2FhLTExZTYtOGY4OC0zNDM2M2JjN2M0YzAiOnsiY3JlYXRlIjoxMjAwMDAwMDAwMDAwLCJkZWxldGUiOjEyMDAwMDAwMDAwMDAsInVwZGF0ZSI6MTIwMDAwMDAwMDAwMH0sInNjaGVtYV92ZXJzaW9uIjoiMiJ9",
          "dependencies": [
            "google_service_account.cloudbuild",
            "google_storage_bucket.pipeline_definition"
          ]
        }
      ]
    },
    {
      "mode": "managed",
      "type": "google_cloudbuild_trigger",
      "name": "server_image",
      "provider": "provider[\"registry.terraform.io/hashicorp/google\"]",
      "instances": [
        {
          "schema_version": 2,
          "attributes": {
            "approval_config": [
              {
                "approval_required": false
              }
            ],
            "build": [],
            "create_time": "2022-11-24T21:03:46.400985071Z",
            "description": "",
            "disabled": false,
            "filename": "server/cloudbuild.yaml",
            "filter": "",
            "git_file_source": [],
            "github": [
              {
                "name": "sd-dreambooth",
                "owner": "aablsk",
                "pull_request": [],
                "push": [
                  {
                    "branch": "^main$",
                    "invert_regex": false,
                    "tag": ""
                  }
                ]
              }
            ],
            "id": "projects/sd-db-tf/locations/europe-west1/triggers/3dbdb70c-24a8-43ee-b66b-ed13da98abab",
            "ignored_files": null,
            "include_build_logs": "",
            "included_files": [
              "server/**"
            ],
            "location": "europe-west1",
            "name": "server-image-builder",
            "project": "sd-db-tf",
            "pubsub_config": [],
            "service_account": "projects/sd-db-tf/serviceAccounts/cloudbuild@sd-db-tf.iam.gserviceaccount.com",
            "source_to_build": [],
            "substitutions": {
              "_REPO_NAME": "stablediffusion-dreambooth"
            },
            "tags": null,
            "timeouts": null,
            "trigger_id": "3dbdb70c-24a8-43ee-b66b-ed13da98abab",
            "trigger_template": [],
            "webhook_config": []
          },
          "sensitive_attributes": [],
          "private": "eyJlMmJmYjczMC1lY2FhLTExZTYtOGY4OC0zNDM2M2JjN2M0YzAiOnsiY3JlYXRlIjoxMjAwMDAwMDAwMDAwLCJkZWxldGUiOjEyMDAwMDAwMDAwMDAsInVwZGF0ZSI6MTIwMDAwMDAwMDAwMH0sInNjaGVtYV92ZXJzaW9uIjoiMiJ9",
          "dependencies": [
            "google_service_account.cloudbuild"
          ]
        }
      ]
    },
    {
      "mode": "managed",
      "type": "google_service_account",
      "name": "cloudbuild",
      "provider": "provider[\"registry.terraform.io/hashicorp/google\"]",
      "instances": [
        {
          "schema_version": 0,
          "attributes": {
            "account_id": "cloudbuild",
            "description": "",
            "disabled": false,
            "display_name": "",
            "email": "cloudbuild@sd-db-tf.iam.gserviceaccount.com",
            "id": "projects/sd-db-tf/serviceAccounts/cloudbuild@sd-db-tf.iam.gserviceaccount.com",
            "member": "serviceAccount:cloudbuild@sd-db-tf.iam.gserviceaccount.com",
            "name": "projects/sd-db-tf/serviceAccounts/cloudbuild@sd-db-tf.iam.gserviceaccount.com",
            "project": "sd-db-tf",
            "timeouts": null,
            "unique_id": "111404569187395420149"
          },
          "sensitive_attributes": [],
          "private": "eyJlMmJmYjczMC1lY2FhLTExZTYtOGY4OC0zNDM2M2JjN2M0YzAiOnsiY3JlYXRlIjozMDAwMDAwMDAwMDB9fQ=="
        }
      ]
    },
    {
      "mode": "managed",
      "type": "google_service_account",
      "name": "vertexai_prediction",
      "provider": "provider[\"registry.terraform.io/hashicorp/google\"]",
      "instances": [
        {
          "schema_version": 0,
          "attributes": {
            "account_id": "vertexai-prediction",
            "description": "",
            "disabled": false,
            "display_name": "",
            "email": "vertexai-prediction@sd-db-tf.iam.gserviceaccount.com",
            "id": "projects/sd-db-tf/serviceAccounts/vertexai-prediction@sd-db-tf.iam.gserviceaccount.com",
            "member": "serviceAccount:vertexai-prediction@sd-db-tf.iam.gserviceaccount.com",
            "name": "projects/sd-db-tf/serviceAccounts/vertexai-prediction@sd-db-tf.iam.gserviceaccount.com",
            "project": "sd-db-tf",
            "timeouts": null,
            "unique_id": "115694957248203533193"
          },
          "sensitive_attributes": [],
          "private": "eyJlMmJmYjczMC1lY2FhLTExZTYtOGY4OC0zNDM2M2JjN2M0YzAiOnsiY3JlYXRlIjozMDAwMDAwMDAwMDB9fQ=="
        }
      ]
    },
    {
      "mode": "managed",
      "type": "google_service_account",
      "name": "vertexai_training",
      "provider": "provider[\"registry.terraform.io/hashicorp/google\"]",
      "instances": [
        {
          "schema_version": 0,
          "attributes": {
            "account_id": "vertexai-training",
            "description": "",
            "disabled": false,
            "display_name": "",
            "email": "vertexai-training@sd-db-tf.iam.gserviceaccount.com",
            "id": "projects/sd-db-tf/serviceAccounts/vertexai-training@sd-db-tf.iam.gserviceaccount.com",
            "member": "serviceAccount:vertexai-training@sd-db-tf.iam.gserviceaccount.com",
            "name": "projects/sd-db-tf/serviceAccounts/vertexai-training@sd-db-tf.iam.gserviceaccount.com",
            "project": "sd-db-tf",
            "timeouts": null,
            "unique_id": "101365993359596259960"
          },
          "sensitive_attributes": [],
          "private": "eyJlMmJmYjczMC1lY2FhLTExZTYtOGY4OC0zNDM2M2JjN2M0YzAiOnsiY3JlYXRlIjozMDAwMDAwMDAwMDB9fQ=="
        }
      ]
    },
    {
      "mode": "managed",
      "type": "google_service_account_iam_member",
      "name": "vertexai_training_impersonate_itself",
      "provider": "provider[\"registry.terraform.io/hashicorp/google\"]",
      "instances": [
        {
          "schema_version": 0,
          "attributes": {
            "condition": [],
            "etag": "BwXuPT7xGuE=",
            "id": "projects/sd-db-tf/serviceAccounts/vertexai-training@sd-db-tf.iam.gserviceaccount.com/roles/iam.serviceAccountUser/serviceAccount:vertexai-training@sd-db-tf.iam.gserviceaccount.com",
            "member": "serviceAccount:vertexai-training@sd-db-tf.iam.gserviceaccount.com",
            "role": "roles/iam.serviceAccountUser",
            "service_account_id": "projects/sd-db-tf/serviceAccounts/vertexai-training@sd-db-tf.iam.gserviceaccount.com"
          },
          "sensitive_attributes": [],
          "private": "bnVsbA==",
          "dependencies": [
            "google_service_account.vertexai_training"
          ]
        }
      ]
    },
    {
      "mode": "managed",
      "type": "google_storage_bucket",
      "name": "instance_images",
      "provider": "provider[\"registry.terraform.io/hashicorp/google\"]",
      "instances": [
        {
          "schema_version": 0,
          "attributes": {
            "cors": [],
            "custom_placement_config": [],
            "default_event_based_hold": false,
            "encryption": [],
            "force_destroy": true,
            "id": "instance_images_dog_sd-db-tf",
            "labels": {},
            "lifecycle_rule": [],
            "location": "EUROPE-WEST1",
            "logging": [],
            "name": "instance_images_dog_sd-db-tf",
            "project": "sd-db-tf",
            "public_access_prevention": "inherited",
            "requester_pays": false,
            "retention_policy": [],
            "self_link": "https://www.googleapis.com/storage/v1/b/instance_images_dog_sd-db-tf",
            "storage_class": "STANDARD",
            "timeouts": null,
            "uniform_bucket_level_access": true,
            "url": "gs://instance_images_dog_sd-db-tf",
            "versioning": [],
            "website": []
          },
          "sensitive_attributes": [],
          "private": "eyJlMmJmYjczMC1lY2FhLTExZTYtOGY4OC0zNDM2M2JjN2M0YzAiOnsiY3JlYXRlIjoyNDAwMDAwMDAwMDAsInJlYWQiOjI0MDAwMDAwMDAwMCwidXBkYXRlIjoyNDAwMDAwMDAwMDB9fQ=="
        }
      ]
    },
    {
      "mode": "managed",
      "type": "google_storage_bucket",
      "name": "models",
      "provider": "provider[\"registry.terraform.io/hashicorp/google\"]",
      "instances": [
        {
          "schema_version": 0,
          "attributes": {
            "cors": [],
            "custom_placement_config": [],
            "default_event_based_hold": false,
            "encryption": [],
            "force_destroy": true,
            "id": "stable-diffusion-dreambooth-models_sd-db-tf",
            "labels": {},
            "lifecycle_rule": [],
            "location": "EUROPE-WEST1",
            "logging": [],
            "name": "stable-diffusion-dreambooth-models_sd-db-tf",
            "project": "sd-db-tf",
            "public_access_prevention": "inherited",
            "requester_pays": false,
            "retention_policy": [],
            "self_link": "https://www.googleapis.com/storage/v1/b/stable-diffusion-dreambooth-models_sd-db-tf",
            "storage_class": "STANDARD",
            "timeouts": null,
            "uniform_bucket_level_access": true,
            "url": "gs://stable-diffusion-dreambooth-models_sd-db-tf",
            "versioning": [],
            "website": []
          },
          "sensitive_attributes": [],
          "private": "eyJlMmJmYjczMC1lY2FhLTExZTYtOGY4OC0zNDM2M2JjN2M0YzAiOnsiY3JlYXRlIjoyNDAwMDAwMDAwMDAsInJlYWQiOjI0MDAwMDAwMDAwMCwidXBkYXRlIjoyNDAwMDAwMDAwMDB9fQ=="
        }
      ]
    },
    {
      "mode": "managed",
      "type": "google_storage_bucket",
      "name": "pipeline_artifacts",
      "provider": "provider[\"registry.terraform.io/hashicorp/google\"]",
      "instances": [
        {
          "schema_version": 0,
          "attributes": {
            "cors": [],
            "custom_placement_config": [],
            "default_event_based_hold": false,
            "encryption": [],
            "force_destroy": true,
            "id": "vertexai_pipeline_staging_sd-db-tf",
            "labels": {},
            "lifecycle_rule": [],
            "location": "EUROPE-WEST1",
            "logging": [],
            "name": "vertexai_pipeline_staging_sd-db-tf",
            "project": "sd-db-tf",
            "public_access_prevention": "inherited",
            "requester_pays": false,
            "retention_policy": [],
            "self_link": "https://www.googleapis.com/storage/v1/b/vertexai_pipeline_staging_sd-db-tf",
            "storage_class": "STANDARD",
            "timeouts": null,
            "uniform_bucket_level_access": true,
            "url": "gs://vertexai_pipeline_staging_sd-db-tf",
            "versioning": [],
            "website": []
          },
          "sensitive_attributes": [],
          "private": "eyJlMmJmYjczMC1lY2FhLTExZTYtOGY4OC0zNDM2M2JjN2M0YzAiOnsiY3JlYXRlIjoyNDAwMDAwMDAwMDAsInJlYWQiOjI0MDAwMDAwMDAwMCwidXBkYXRlIjoyNDAwMDAwMDAwMDB9fQ=="
        }
      ]
    },
    {
      "mode": "managed",
      "type": "google_storage_bucket",
      "name": "pipeline_definition",
      "provider": "provider[\"registry.terraform.io/hashicorp/google\"]",
      "instances": [
        {
          "schema_version": 0,
          "attributes": {
            "cors": [],
            "custom_placement_config": [],
            "default_event_based_hold": false,
            "encryption": [],
            "force_destroy": true,
            "id": "vertexai_pipeline_definition_sd-db-tf",
            "labels": {},
            "lifecycle_rule": [],
            "location": "EUROPE-WEST1",
            "logging": [],
            "name": "vertexai_pipeline_definition_sd-db-tf",
            "project": "sd-db-tf",
            "public_access_prevention": "inherited",
            "requester_pays": false,
            "retention_policy": [],
            "self_link": "https://www.googleapis.com/storage/v1/b/vertexai_pipeline_definition_sd-db-tf",
            "storage_class": "STANDARD",
            "timeouts": null,
            "uniform_bucket_level_access": true,
            "url": "gs://vertexai_pipeline_definition_sd-db-tf",
            "versioning": [],
            "website": []
          },
          "sensitive_attributes": [],
          "private": "eyJlMmJmYjczMC1lY2FhLTExZTYtOGY4OC0zNDM2M2JjN2M0YzAiOnsiY3JlYXRlIjoyNDAwMDAwMDAwMDAsInJlYWQiOjI0MDAwMDAwMDAwMCwidXBkYXRlIjoyNDAwMDAwMDAwMDB9fQ=="
        }
      ]
    },
    {
      "mode": "managed",
      "type": "google_storage_bucket",
      "name": "render_results",
      "provider": "provider[\"registry.terraform.io/hashicorp/google\"]",
      "instances": [
        {
          "schema_version": 0,
          "attributes": {
            "cors": [],
            "custom_placement_config": [],
            "default_event_based_hold": false,
            "encryption": [],
            "force_destroy": true,
            "id": "render-results_sd-db-tf",
            "labels": {},
            "lifecycle_rule": [],
            "location": "EUROPE-WEST1",
            "logging": [],
            "name": "render-results_sd-db-tf",
            "project": "sd-db-tf",
            "public_access_prevention": "inherited",
            "requester_pays": false,
            "retention_policy": [],
            "self_link": "https://www.googleapis.com/storage/v1/b/render-results_sd-db-tf",
            "storage_class": "STANDARD",
            "timeouts": null,
            "uniform_bucket_level_access": true,
            "url": "gs://render-results_sd-db-tf",
            "versioning": [],
            "website": []
          },
          "sensitive_attributes": [],
          "private": "eyJlMmJmYjczMC1lY2FhLTExZTYtOGY4OC0zNDM2M2JjN2M0YzAiOnsiY3JlYXRlIjoyNDAwMDAwMDAwMDAsInJlYWQiOjI0MDAwMDAwMDAwMCwidXBkYXRlIjoyNDAwMDAwMDAwMDB9fQ=="
        }
      ]
    },
    {
      "mode": "managed",
      "type": "google_storage_bucket_iam_member",
      "name": "instance_images",
      "provider": "provider[\"registry.terraform.io/hashicorp/google\"]",
      "instances": [
        {
          "schema_version": 0,
          "attributes": {
            "bucket": "b/instance_images_dog_sd-db-tf",
            "condition": [],
            "etag": "CAI=",
            "id": "b/instance_images_dog_sd-db-tf/roles/storage.objectViewer/serviceAccount:vertexai-training@sd-db-tf.iam.gserviceaccount.com",
            "member": "serviceAccount:vertexai-training@sd-db-tf.iam.gserviceaccount.com",
            "role": "roles/storage.objectViewer"
          },
          "sensitive_attributes": [],
          "private": "bnVsbA==",
          "dependencies": [
            "google_service_account.vertexai_training",
            "google_storage_bucket.instance_images"
          ]
        }
      ]
    },
    {
      "mode": "managed",
      "type": "google_storage_bucket_iam_member",
      "name": "models",
      "provider": "provider[\"registry.terraform.io/hashicorp/google\"]",
      "instances": [
        {
          "schema_version": 0,
          "attributes": {
            "bucket": "b/stable-diffusion-dreambooth-models_sd-db-tf",
            "condition": [],
            "etag": "CAI=",
            "id": "b/stable-diffusion-dreambooth-models_sd-db-tf/roles/storage.admin/serviceAccount:vertexai-training@sd-db-tf.iam.gserviceaccount.com",
            "member": "serviceAccount:vertexai-training@sd-db-tf.iam.gserviceaccount.com",
            "role": "roles/storage.admin"
          },
          "sensitive_attributes": [],
          "private": "bnVsbA==",
          "dependencies": [
            "google_service_account.vertexai_training",
            "google_storage_bucket.models"
          ]
        }
      ]
    },
    {
      "mode": "managed",
      "type": "google_storage_bucket_iam_member",
      "name": "pipeline_artifacts",
      "provider": "provider[\"registry.terraform.io/hashicorp/google\"]",
      "instances": [
        {
          "schema_version": 0,
          "attributes": {
            "bucket": "b/vertexai_pipeline_staging_sd-db-tf",
            "condition": [],
            "etag": "CAI=",
            "id": "b/vertexai_pipeline_staging_sd-db-tf/roles/storage.admin/serviceAccount:vertexai-training@sd-db-tf.iam.gserviceaccount.com",
            "member": "serviceAccount:vertexai-training@sd-db-tf.iam.gserviceaccount.com",
            "role": "roles/storage.admin"
          },
          "sensitive_attributes": [],
          "private": "bnVsbA==",
          "dependencies": [
            "google_service_account.vertexai_training",
            "google_storage_bucket.pipeline_artifacts"
          ]
        }
      ]
    },
    {
      "mode": "managed",
      "type": "google_storage_bucket_iam_member",
      "name": "pipeline_definition",
      "provider": "provider[\"registry.terraform.io/hashicorp/google\"]",
      "instances": [
        {
          "schema_version": 0,
          "attributes": {
            "bucket": "b/vertexai_pipeline_definition_sd-db-tf",
            "condition": [],
            "etag": "CAM=",
            "id": "b/vertexai_pipeline_definition_sd-db-tf/roles/storage.objectViewer/serviceAccount:vertexai-training@sd-db-tf.iam.gserviceaccount.com",
            "member": "serviceAccount:vertexai-training@sd-db-tf.iam.gserviceaccount.com",
            "role": "roles/storage.objectViewer"
          },
          "sensitive_attributes": [],
          "private": "bnVsbA==",
          "dependencies": [
            "google_service_account.vertexai_training",
            "google_storage_bucket.pipeline_definition"
          ]
        }
      ]
    },
    {
      "mode": "managed",
      "type": "google_storage_bucket_iam_member",
      "name": "pipeline_definition_cloudbuild",
      "provider": "provider[\"registry.terraform.io/hashicorp/google\"]",
      "instances": [
        {
          "schema_version": 0,
          "attributes": {
            "bucket": "b/vertexai_pipeline_definition_sd-db-tf",
            "condition": [],
            "etag": "CAM=",
            "id": "b/vertexai_pipeline_definition_sd-db-tf/roles/storage.admin/serviceAccount:cloudbuild@sd-db-tf.iam.gserviceaccount.com",
            "member": "serviceAccount:cloudbuild@sd-db-tf.iam.gserviceaccount.com",
            "role": "roles/storage.admin"
          },
          "sensitive_attributes": [],
          "private": "bnVsbA==",
          "dependencies": [
            "google_service_account.cloudbuild",
            "google_storage_bucket.pipeline_definition"
          ]
        }
      ]
    },
    {
      "mode": "managed",
      "type": "google_storage_bucket_iam_member",
      "name": "prediction_results",
      "provider": "provider[\"registry.terraform.io/hashicorp/google\"]",
      "instances": [
        {
          "schema_version": 0,
          "attributes": {
            "bucket": "b/render-results_sd-db-tf",
            "condition": [],
            "etag": "CAI=",
            "id": "b/render-results_sd-db-tf/roles/storage.admin/serviceAccount:vertexai-prediction@sd-db-tf.iam.gserviceaccount.com",
            "member": "serviceAccount:vertexai-prediction@sd-db-tf.iam.gserviceaccount.com",
            "role": "roles/storage.admin"
          },
          "sensitive_attributes": [],
          "private": "bnVsbA==",
          "dependencies": [
            "google_service_account.vertexai_prediction",
            "google_storage_bucket.render_results"
          ]
        }
      ]
    },
    {
      "module": "module.artifact-registry-repository-iam-bindings",
      "mode": "managed",
      "type": "google_artifact_registry_repository_iam_binding",
      "name": "artifact_registry_iam_authoritative",
      "provider": "provider[\"registry.terraform.io/hashicorp/google-beta\"]",
      "instances": [
        {
          "index_key": "default--roles/artifactregistry.reader",
          "schema_version": 0,
          "attributes": {
            "condition": [],
            "etag": "BwXuPT9e/Hs=",
            "id": "projects/sd-db-tf/locations/europe-west1/repositories/stablediffusion-dreambooth/roles/artifactregistry.reader",
            "location": "europe-west1",
            "members": [
              "serviceAccount:vertexai-prediction@sd-db-tf.iam.gserviceaccount.com",
              "serviceAccount:vertexai-training@sd-db-tf.iam.gserviceaccount.com"
            ],
            "project": "sd-db-tf",
            "repository": "projects/sd-db-tf/locations/europe-west1/repositories/stablediffusion-dreambooth",
            "role": "roles/artifactregistry.reader"
          },
          "sensitive_attributes": [],
          "private": "bnVsbA==",
          "dependencies": [
            "google_artifact_registry_repository.container_registry",
            "google_service_account.cloudbuild",
            "google_service_account.vertexai_prediction",
            "google_service_account.vertexai_training",
            "module.enabled_google_apis.data.google_compute_default_service_account.default",
            "module.enabled_google_apis.google_project_iam_member.project_service_identity_roles",
            "module.enabled_google_apis.google_project_service.project_services",
            "module.enabled_google_apis.google_project_service_identity.project_service_identities"
          ]
        },
        {
          "index_key": "default--roles/artifactregistry.writer",
          "schema_version": 0,
          "attributes": {
            "condition": [],
            "etag": "BwXuPT9e/Hs=",
            "id": "projects/sd-db-tf/locations/europe-west1/repositories/stablediffusion-dreambooth/roles/artifactregistry.writer",
            "location": "europe-west1",
            "members": [
              "serviceAccount:cloudbuild@sd-db-tf.iam.gserviceaccount.com"
            ],
            "project": "sd-db-tf",
            "repository": "projects/sd-db-tf/locations/europe-west1/repositories/stablediffusion-dreambooth",
            "role": "roles/artifactregistry.writer"
          },
          "sensitive_attributes": [],
          "private": "bnVsbA==",
          "dependencies": [
            "google_artifact_registry_repository.container_registry",
            "google_service_account.cloudbuild",
            "google_service_account.vertexai_prediction",
            "google_service_account.vertexai_training",
            "module.enabled_google_apis.data.google_compute_default_service_account.default",
            "module.enabled_google_apis.google_project_iam_member.project_service_identity_roles",
            "module.enabled_google_apis.google_project_service.project_services",
            "module.enabled_google_apis.google_project_service_identity.project_service_identities"
          ]
        }
      ]
    },
    {
      "module": "module.enabled_google_apis",
      "mode": "managed",
      "type": "google_project_service",
      "name": "project_services",
      "provider": "provider[\"registry.terraform.io/hashicorp/google\"]",
      "instances": [
        {
          "index_key": "aiplatform.googleapis.com",
          "schema_version": 0,
          "attributes": {
            "disable_dependent_services": true,
            "disable_on_destroy": false,
            "id": "sd-db-tf/aiplatform.googleapis.com",
            "project": "sd-db-tf",
            "service": "aiplatform.googleapis.com",
            "timeouts": null
          },
          "sensitive_attributes": [],
          "private": "eyJlMmJmYjczMC1lY2FhLTExZTYtOGY4OC0zNDM2M2JjN2M0YzAiOnsiY3JlYXRlIjoxMjAwMDAwMDAwMDAwLCJkZWxldGUiOjEyMDAwMDAwMDAwMDAsInJlYWQiOjYwMDAwMDAwMDAwMCwidXBkYXRlIjoxMjAwMDAwMDAwMDAwfX0="
        },
        {
          "index_key": "artifactregistry.googleapis.com",
          "schema_version": 0,
          "attributes": {
            "disable_dependent_services": true,
            "disable_on_destroy": false,
            "id": "sd-db-tf/artifactregistry.googleapis.com",
            "project": "sd-db-tf",
            "service": "artifactregistry.googleapis.com",
            "timeouts": null
          },
          "sensitive_attributes": [],
          "private": "eyJlMmJmYjczMC1lY2FhLTExZTYtOGY4OC0zNDM2M2JjN2M0YzAiOnsiY3JlYXRlIjoxMjAwMDAwMDAwMDAwLCJkZWxldGUiOjEyMDAwMDAwMDAwMDAsInJlYWQiOjYwMDAwMDAwMDAwMCwidXBkYXRlIjoxMjAwMDAwMDAwMDAwfX0="
        },
        {
          "index_key": "cloudbuild.googleapis.com",
          "schema_version": 0,
          "attributes": {
            "disable_dependent_services": true,
            "disable_on_destroy": false,
            "id": "sd-db-tf/cloudbuild.googleapis.com",
            "project": "sd-db-tf",
            "service": "cloudbuild.googleapis.com",
            "timeouts": null
          },
          "sensitive_attributes": [],
          "private": "eyJlMmJmYjczMC1lY2FhLTExZTYtOGY4OC0zNDM2M2JjN2M0YzAiOnsiY3JlYXRlIjoxMjAwMDAwMDAwMDAwLCJkZWxldGUiOjEyMDAwMDAwMDAwMDAsInJlYWQiOjYwMDAwMDAwMDAwMCwidXBkYXRlIjoxMjAwMDAwMDAwMDAwfX0="
        },
        {
          "index_key": "cloudresourcemanager.googleapis.com",
          "schema_version": 0,
          "attributes": {
            "disable_dependent_services": true,
            "disable_on_destroy": false,
            "id": "sd-db-tf/cloudresourcemanager.googleapis.com",
            "project": "sd-db-tf",
            "service": "cloudresourcemanager.googleapis.com",
            "timeouts": null
          },
          "sensitive_attributes": [],
          "private": "eyJlMmJmYjczMC1lY2FhLTExZTYtOGY4OC0zNDM2M2JjN2M0YzAiOnsiY3JlYXRlIjoxMjAwMDAwMDAwMDAwLCJkZWxldGUiOjEyMDAwMDAwMDAwMDAsInJlYWQiOjYwMDAwMDAwMDAwMCwidXBkYXRlIjoxMjAwMDAwMDAwMDAwfX0="
        },
        {
          "index_key": "compute.googleapis.com",
          "schema_version": 0,
          "attributes": {
            "disable_dependent_services": true,
            "disable_on_destroy": false,
            "id": "sd-db-tf/compute.googleapis.com",
            "project": "sd-db-tf",
            "service": "compute.googleapis.com",
            "timeouts": null
          },
          "sensitive_attributes": [],
          "private": "eyJlMmJmYjczMC1lY2FhLTExZTYtOGY4OC0zNDM2M2JjN2M0YzAiOnsiY3JlYXRlIjoxMjAwMDAwMDAwMDAwLCJkZWxldGUiOjEyMDAwMDAwMDAwMDAsInJlYWQiOjYwMDAwMDAwMDAwMCwidXBkYXRlIjoxMjAwMDAwMDAwMDAwfX0="
        },
        {
          "index_key": "dataflow.googleapis.com",
          "schema_version": 0,
          "attributes": {
            "disable_dependent_services": true,
            "disable_on_destroy": false,
            "id": "sd-db-tf/dataflow.googleapis.com",
            "project": "sd-db-tf",
            "service": "dataflow.googleapis.com",
            "timeouts": null
          },
          "sensitive_attributes": [],
          "private": "eyJlMmJmYjczMC1lY2FhLTExZTYtOGY4OC0zNDM2M2JjN2M0YzAiOnsiY3JlYXRlIjoxMjAwMDAwMDAwMDAwLCJkZWxldGUiOjEyMDAwMDAwMDAwMDAsInJlYWQiOjYwMDAwMDAwMDAwMCwidXBkYXRlIjoxMjAwMDAwMDAwMDAwfX0="
        },
        {
          "index_key": "iam.googleapis.com",
          "schema_version": 0,
          "attributes": {
            "disable_dependent_services": true,
            "disable_on_destroy": false,
            "id": "sd-db-tf/iam.googleapis.com",
            "project": "sd-db-tf",
            "service": "iam.googleapis.com",
            "timeouts": null
          },
          "sensitive_attributes": [],
          "private": "eyJlMmJmYjczMC1lY2FhLTExZTYtOGY4OC0zNDM2M2JjN2M0YzAiOnsiY3JlYXRlIjoxMjAwMDAwMDAwMDAwLCJkZWxldGUiOjEyMDAwMDAwMDAwMDAsInJlYWQiOjYwMDAwMDAwMDAwMCwidXBkYXRlIjoxMjAwMDAwMDAwMDAwfX0="
        },
        {
          "index_key": "notebooks.googleapis.com",
          "schema_version": 0,
          "attributes": {
            "disable_dependent_services": true,
            "disable_on_destroy": false,
            "id": "sd-db-tf/notebooks.googleapis.com",
            "project": "sd-db-tf",
            "service": "notebooks.googleapis.com",
            "timeouts": null
          },
          "sensitive_attributes": [],
          "private": "eyJlMmJmYjczMC1lY2FhLTExZTYtOGY4OC0zNDM2M2JjN2M0YzAiOnsiY3JlYXRlIjoxMjAwMDAwMDAwMDAwLCJkZWxldGUiOjEyMDAwMDAwMDAwMDAsInJlYWQiOjYwMDAwMDAwMDAwMCwidXBkYXRlIjoxMjAwMDAwMDAwMDAwfX0="
        }
      ]
    },
    {
      "module": "module.project-iam-bindings",
      "mode": "managed",
      "type": "google_project_iam_binding",
      "name": "project_iam_authoritative",
      "provider": "provider[\"registry.terraform.io/hashicorp/google\"]",
      "instances": [
        {
          "index_key": "default--roles/logging.logWriter",
          "schema_version": 0,
          "attributes": {
            "condition": [],
            "etag": "BwXuPUyGw3c=",
            "id": "sd-db-tf/roles/logging.logWriter",
            "members": [
              "serviceAccount:cloudbuild@sd-db-tf.iam.gserviceaccount.com",
              "serviceAccount:vertexai-prediction@sd-db-tf.iam.gserviceaccount.com",
              "serviceAccount:vertexai-training@sd-db-tf.iam.gserviceaccount.com"
            ],
            "project": "sd-db-tf",
            "role": "roles/logging.logWriter"
          },
          "sensitive_attributes": [],
          "private": "bnVsbA==",
          "dependencies": [
            "google_service_account.cloudbuild",
            "google_service_account.vertexai_prediction",
            "google_service_account.vertexai_training"
          ]
        }
      ]
    }
  ],
  "check_results": null
}
